
Microsoft Visual Studio Solution File, Format Version 12.00
# Visual Studio 14
VisualStudioVersion = 14.0.25420.1
MinimumVisualStudioVersion = 10.0.40219.1
Project("{FAE04EC0-301F-11D3-BF4B-00C04F79EFBC}") = "CAMLQueryBuilder", "CAMLQueryBuilder\CAMLQueryBuilder.csproj", "{19C1DC9C-E344-49DA-8097-6D0AAE6BA4E0}"
EndProject
Project("{FAE04EC0-301F-11D3-BF4B-00C04F79EFBC}") = "CAMLQueryBuilder.Usage", "CAMLQueryBuilder.Usage\CAMLQueryBuilder.Usage.csproj", "{1AC6B0BD-59AB-4B18-819F-90CEA94CF7CE}"
EndProject
Global
	GlobalSection(SolutionConfigurationPlatforms) = preSolution
		Debug|Any CPU = Debug|Any CPU
		Release|Any CPU = Release|Any CPU
	EndGlobalSection
	GlobalSection(ProjectConfigurationPlatforms) = postSolution
		{19C1DC9C-E344-49DA-8097-6D0AAE6BA4E0}.Debug|Any CPU.ActiveCfg = Debug|Any CPU
		{19C1DC9C-E344-49DA-8097-6D0AAE6BA4E0}.Debug|Any CPU.Build.0 = Debug|Any CPU
		{19C1DC9C-E344-49DA-8097-6D0AAE6BA4E0}.Release|Any CPU.ActiveCfg = Release|Any CPU
		{19C1DC9C-E344-49DA-8097-6D0AAE6BA4E0}.Release|Any CPU.Build.0 = Release|Any CPU
		{1AC6B0BD-59AB-4B18-819F-90CEA94CF7CE}.Debug|Any CPU.ActiveCfg = Debug|Any CPU
		{1AC6B0BD-59AB-4B18-819F-90CEA94CF7CE}.Debug|Any CPU.Build.0 = Debug|Any CPU
		{1AC6B0BD-59AB-4B18-819F-90CEA94CF7CE}.Release|Any CPU.ActiveCfg = Release|Any CPU
		{1AC6B0BD-59AB-4B18-819F-90CEA94CF7CE}.Release|Any CPU.Build.0 = Release|Any CPU
	EndGlobalSection
	GlobalSection(SolutionProperties) = preSolution
		HideSolutionNode = FALSE
	EndGlobalSection
EndGlobal
